
Microsoft Visual Studio Solution File, Format Version 12.00
# Visual Studio Version 17
Project("{8BC9CEB8-8B4A-11D0-8D11-00A0C91BC942}") = "ALL_BUILD", "ALL_BUILD.vcxproj", "{BDC6D26F-C024-3AA3-A4B3-DBBBE4C96546}"
	ProjectSection(ProjectDependencies) = postProject
		{71D7B2FD-99C6-3920-89F2-3034D3992584} = {71D7B2FD-99C6-3920-89F2-3034D3992584}
		{E7C505AD-3266-3314-ADEE-6EAA8EC554E7} = {E7C505AD-3266-3314-ADEE-6EAA8EC554E7}
		{86A4BBF8-B8D1-3E8D-8FF1-208E61787A21} = {86A4BBF8-B8D1-3E8D-8FF1-208E61787A21}
		{9551D212-A419-312D-B02A-7D7C3E069A4D} = {9551D212-A419-312D-B02A-7D7C3E069A4D}
		{4387913B-BA56-3703-B425-6F626C34F5CE} = {4387913B-BA56-3703-B425-6F626C34F5CE}
		{966FC219-C7A9-3B1B-ADD0-C85975A6C542} = {966FC219-C7A9-3B1B-ADD0-C85975A6C542}
		{8AD481B5-5E8C-3FC0-93EB-BB7D7A9426EB} = {8AD481B5-5E8C-3FC0-93EB-BB7D7A9426EB}
		{0196E3EC-F087-3A25-9A18-BE42AAC0E5DE} = {0196E3EC-F087-3A25-9A18-BE42AAC0E5DE}
		{5ED31C54-D9F3-3242-8427-3E6B59B2E024} = {5ED31C54-D9F3-3242-8427-3E6B59B2E024}
		{C6A1EDF9-0421-32F7-97DC-57FB8B173053} = {C6A1EDF9-0421-32F7-97DC-57FB8B173053}
		{B3477691-2509-32E8-AA65-C2121A3CBA9F} = {B3477691-2509-32E8-AA65-C2121A3CBA9F}
	EndProjectSection
EndProject
Project("{8BC9CEB8-8B4A-11D0-8D11-00A0C91BC942}") = "SDKtool", "sdktool\SDKtool.vcxproj", "{71D7B2FD-99C6-3920-89F2-3034D3992584}"
	ProjectSection(ProjectDependencies) = postProject
		{86A4BBF8-B8D1-3E8D-8FF1-208E61787A21} = {86A4BBF8-B8D1-3E8D-8FF1-208E61787A21}
		{A1DDF523-5629-3C59-9375-F6728B5BCC30} = {A1DDF523-5629-3C59-9375-F6728B5BCC30}
		{4387913B-BA56-3703-B425-6F626C34F5CE} = {4387913B-BA56-3703-B425-6F626C34F5CE}
		{966FC219-C7A9-3B1B-ADD0-C85975A6C542} = {966FC219-C7A9-3B1B-ADD0-C85975A6C542}
		{8AD481B5-5E8C-3FC0-93EB-BB7D7A9426EB} = {8AD481B5-5E8C-3FC0-93EB-BB7D7A9426EB}
		{0196E3EC-F087-3A25-9A18-BE42AAC0E5DE} = {0196E3EC-F087-3A25-9A18-BE42AAC0E5DE}
		{5ED31C54-D9F3-3242-8427-3E6B59B2E024} = {5ED31C54-D9F3-3242-8427-3E6B59B2E024}
		{C6A1EDF9-0421-32F7-97DC-57FB8B173053} = {C6A1EDF9-0421-32F7-97DC-57FB8B173053}
		{B3477691-2509-32E8-AA65-C2121A3CBA9F} = {B3477691-2509-32E8-AA65-C2121A3CBA9F}
		{DD7CBDCA-F958-31FA-8D72-03C370719BC8} = {DD7CBDCA-F958-31FA-8D72-03C370719BC8}
	EndProjectSection
EndProject
Project("{8BC9CEB8-8B4A-11D0-8D11-00A0C91BC942}") = "Test", "test\Test.vcxproj", "{E7C505AD-3266-3314-ADEE-6EAA8EC554E7}"
	ProjectSection(ProjectDependencies) = postProject
		{86A4BBF8-B8D1-3E8D-8FF1-208E61787A21} = {86A4BBF8-B8D1-3E8D-8FF1-208E61787A21}
		{4387913B-BA56-3703-B425-6F626C34F5CE} = {4387913B-BA56-3703-B425-6F626C34F5CE}
		{966FC219-C7A9-3B1B-ADD0-C85975A6C542} = {966FC219-C7A9-3B1B-ADD0-C85975A6C542}
		{8AD481B5-5E8C-3FC0-93EB-BB7D7A9426EB} = {8AD481B5-5E8C-3FC0-93EB-BB7D7A9426EB}
		{0196E3EC-F087-3A25-9A18-BE42AAC0E5DE} = {0196E3EC-F087-3A25-9A18-BE42AAC0E5DE}
		{5ED31C54-D9F3-3242-8427-3E6B59B2E024} = {5ED31C54-D9F3-3242-8427-3E6B59B2E024}
		{C6A1EDF9-0421-32F7-97DC-57FB8B173053} = {C6A1EDF9-0421-32F7-97DC-57FB8B173053}
		{B3477691-2509-32E8-AA65-C2121A3CBA9F} = {B3477691-2509-32E8-AA65-C2121A3CBA9F}
	EndProjectSection
EndProject
Project("{8BC9CEB8-8B4A-11D0-8D11-00A0C91BC942}") = "ZERO_CHECK", "..\\ZERO_CHECK.vcxproj", "{86A4BBF8-B8D1-3E8D-8FF1-208E61787A21}"
	ProjectSection(ProjectDependencies) = postProject
	EndProjectSection
EndProject
Project("{8BC9CEB8-8B4A-11D0-8D11-00A0C91BC942}") = "build-time-make-directory", "ssc\build-time-make-directory.vcxproj", "{9551D212-A419-312D-B02A-7D7C3E069A4D}"
	ProjectSection(ProjectDependencies) = postProject
		{86A4BBF8-B8D1-3E8D-8FF1-208E61787A21} = {86A4BBF8-B8D1-3E8D-8FF1-208E61787A21}
	EndProjectSection
EndProject
Project("{8BC9CEB8-8B4A-11D0-8D11-00A0C91BC942}") = "lk", "..\lk\lk.vcxproj", "{A1DDF523-5629-3C59-9375-F6728B5BCC30}"
	ProjectSection(ProjectDependencies) = postProject
		{86A4BBF8-B8D1-3E8D-8FF1-208E61787A21} = {86A4BBF8-B8D1-3E8D-8FF1-208E61787A21}
	EndProjectSection
EndProject
Project("{8BC9CEB8-8B4A-11D0-8D11-00A0C91BC942}") = "lpsolve", "lpsolve\lpsolve.vcxproj", "{4387913B-BA56-3703-B425-6F626C34F5CE}"
	ProjectSection(ProjectDependencies) = postProject
		{86A4BBF8-B8D1-3E8D-8FF1-208E61787A21} = {86A4BBF8-B8D1-3E8D-8FF1-208E61787A21}
	EndProjectSection
EndProject
Project("{8BC9CEB8-8B4A-11D0-8D11-00A0C91BC942}") = "nlopt", "nlopt\nlopt.vcxproj", "{966FC219-C7A9-3B1B-ADD0-C85975A6C542}"
	ProjectSection(ProjectDependencies) = postProject
		{86A4BBF8-B8D1-3E8D-8FF1-208E61787A21} = {86A4BBF8-B8D1-3E8D-8FF1-208E61787A21}
	EndProjectSection
EndProject
Project("{8BC9CEB8-8B4A-11D0-8D11-00A0C91BC942}") = "shared", "shared\shared.vcxproj", "{8AD481B5-5E8C-3FC0-93EB-BB7D7A9426EB}"
	ProjectSection(ProjectDependencies) = postProject
		{86A4BBF8-B8D1-3E8D-8FF1-208E61787A21} = {86A4BBF8-B8D1-3E8D-8FF1-208E61787A21}
	EndProjectSection
EndProject
Project("{8BC9CEB8-8B4A-11D0-8D11-00A0C91BC942}") = "solarpilot_core", "solarpilot\solarpilot_core.vcxproj", "{0196E3EC-F087-3A25-9A18-BE42AAC0E5DE}"
	ProjectSection(ProjectDependencies) = postProject
		{86A4BBF8-B8D1-3E8D-8FF1-208E61787A21} = {86A4BBF8-B8D1-3E8D-8FF1-208E61787A21}
	EndProjectSection
EndProject
Project("{8BC9CEB8-8B4A-11D0-8D11-00A0C91BC942}") = "splinter", "splinter\splinter.vcxproj", "{5ED31C54-D9F3-3242-8427-3E6B59B2E024}"
	ProjectSection(ProjectDependencies) = postProject
		{86A4BBF8-B8D1-3E8D-8FF1-208E61787A21} = {86A4BBF8-B8D1-3E8D-8FF1-208E61787A21}
	EndProjectSection
EndProject
Project("{8BC9CEB8-8B4A-11D0-8D11-00A0C91BC942}") = "ssc", "ssc\ssc.vcxproj", "{C6A1EDF9-0421-32F7-97DC-57FB8B173053}"
	ProjectSection(ProjectDependencies) = postProject
		{86A4BBF8-B8D1-3E8D-8FF1-208E61787A21} = {86A4BBF8-B8D1-3E8D-8FF1-208E61787A21}
		{9551D212-A419-312D-B02A-7D7C3E069A4D} = {9551D212-A419-312D-B02A-7D7C3E069A4D}
		{4387913B-BA56-3703-B425-6F626C34F5CE} = {4387913B-BA56-3703-B425-6F626C34F5CE}
		{966FC219-C7A9-3B1B-ADD0-C85975A6C542} = {966FC219-C7A9-3B1B-ADD0-C85975A6C542}
		{8AD481B5-5E8C-3FC0-93EB-BB7D7A9426EB} = {8AD481B5-5E8C-3FC0-93EB-BB7D7A9426EB}
		{0196E3EC-F087-3A25-9A18-BE42AAC0E5DE} = {0196E3EC-F087-3A25-9A18-BE42AAC0E5DE}
		{5ED31C54-D9F3-3242-8427-3E6B59B2E024} = {5ED31C54-D9F3-3242-8427-3E6B59B2E024}
		{B3477691-2509-32E8-AA65-C2121A3CBA9F} = {B3477691-2509-32E8-AA65-C2121A3CBA9F}
	EndProjectSection
EndProject
Project("{8BC9CEB8-8B4A-11D0-8D11-00A0C91BC942}") = "tcs", "tcs\tcs.vcxproj", "{B3477691-2509-32E8-AA65-C2121A3CBA9F}"
	ProjectSection(ProjectDependencies) = postProject
		{86A4BBF8-B8D1-3E8D-8FF1-208E61787A21} = {86A4BBF8-B8D1-3E8D-8FF1-208E61787A21}
	EndProjectSection
EndProject
Project("{8BC9CEB8-8B4A-11D0-8D11-00A0C91BC942}") = "wex", "..\wex\src\wex.vcxproj", "{DD7CBDCA-F958-31FA-8D72-03C370719BC8}"
	ProjectSection(ProjectDependencies) = postProject
		{86A4BBF8-B8D1-3E8D-8FF1-208E61787A21} = {86A4BBF8-B8D1-3E8D-8FF1-208E61787A21}
	EndProjectSection
EndProject
Global
	GlobalSection(SolutionConfigurationPlatforms) = preSolution
		Debug|x64 = Debug|x64
		Release|x64 = Release|x64
	EndGlobalSection
	GlobalSection(ProjectConfigurationPlatforms) = postSolution
		{BDC6D26F-C024-3AA3-A4B3-DBBBE4C96546}.Debug|x64.ActiveCfg = Debug|x64
		{BDC6D26F-C024-3AA3-A4B3-DBBBE4C96546}.Release|x64.ActiveCfg = Release|x64
		{71D7B2FD-99C6-3920-89F2-3034D3992584}.Debug|x64.ActiveCfg = Debug|x64
		{71D7B2FD-99C6-3920-89F2-3034D3992584}.Debug|x64.Build.0 = Debug|x64
		{71D7B2FD-99C6-3920-89F2-3034D3992584}.Release|x64.ActiveCfg = Release|x64
		{71D7B2FD-99C6-3920-89F2-3034D3992584}.Release|x64.Build.0 = Release|x64
		{E7C505AD-3266-3314-ADEE-6EAA8EC554E7}.Debug|x64.ActiveCfg = Debug|x64
		{E7C505AD-3266-3314-ADEE-6EAA8EC554E7}.Debug|x64.Build.0 = Debug|x64
		{E7C505AD-3266-3314-ADEE-6EAA8EC554E7}.Release|x64.ActiveCfg = Release|x64
		{E7C505AD-3266-3314-ADEE-6EAA8EC554E7}.Release|x64.Build.0 = Release|x64
		{86A4BBF8-B8D1-3E8D-8FF1-208E61787A21}.Debug|x64.ActiveCfg = Debug|x64
		{86A4BBF8-B8D1-3E8D-8FF1-208E61787A21}.Debug|x64.Build.0 = Debug|x64
		{86A4BBF8-B8D1-3E8D-8FF1-208E61787A21}.Release|x64.ActiveCfg = Release|x64
		{86A4BBF8-B8D1-3E8D-8FF1-208E61787A21}.Release|x64.Build.0 = Release|x64
		{9551D212-A419-312D-B02A-7D7C3E069A4D}.Debug|x64.ActiveCfg = Debug|x64
		{9551D212-A419-312D-B02A-7D7C3E069A4D}.Debug|x64.Build.0 = Debug|x64
		{9551D212-A419-312D-B02A-7D7C3E069A4D}.Release|x64.ActiveCfg = Release|x64
		{9551D212-A419-312D-B02A-7D7C3E069A4D}.Release|x64.Build.0 = Release|x64
		{A1DDF523-5629-3C59-9375-F6728B5BCC30}.Debug|x64.ActiveCfg = Debug|x64
		{A1DDF523-5629-3C59-9375-F6728B5BCC30}.Debug|x64.Build.0 = Debug|x64
		{A1DDF523-5629-3C59-9375-F6728B5BCC30}.Release|x64.ActiveCfg = Release|x64
		{A1DDF523-5629-3C59-9375-F6728B5BCC30}.Release|x64.Build.0 = Release|x64
		{4387913B-BA56-3703-B425-6F626C34F5CE}.Debug|x64.ActiveCfg = Debug|x64
		{4387913B-BA56-3703-B425-6F626C34F5CE}.Debug|x64.Build.0 = Debug|x64
		{4387913B-BA56-3703-B425-6F626C34F5CE}.Release|x64.ActiveCfg = Release|x64
		{4387913B-BA56-3703-B425-6F626C34F5CE}.Release|x64.Build.0 = Release|x64
		{966FC219-C7A9-3B1B-ADD0-C85975A6C542}.Debug|x64.ActiveCfg = Debug|x64
		{966FC219-C7A9-3B1B-ADD0-C85975A6C542}.Debug|x64.Build.0 = Debug|x64
		{966FC219-C7A9-3B1B-ADD0-C85975A6C542}.Release|x64.ActiveCfg = Release|x64
		{966FC219-C7A9-3B1B-ADD0-C85975A6C542}.Release|x64.Build.0 = Release|x64
		{8AD481B5-5E8C-3FC0-93EB-BB7D7A9426EB}.Debug|x64.ActiveCfg = Debug|x64
		{8AD481B5-5E8C-3FC0-93EB-BB7D7A9426EB}.Debug|x64.Build.0 = Debug|x64
		{8AD481B5-5E8C-3FC0-93EB-BB7D7A9426EB}.Release|x64.ActiveCfg = Release|x64
		{8AD481B5-5E8C-3FC0-93EB-BB7D7A9426EB}.Release|x64.Build.0 = Release|x64
		{0196E3EC-F087-3A25-9A18-BE42AAC0E5DE}.Debug|x64.ActiveCfg = Debug|x64
		{0196E3EC-F087-3A25-9A18-BE42AAC0E5DE}.Debug|x64.Build.0 = Debug|x64
		{0196E3EC-F087-3A25-9A18-BE42AAC0E5DE}.Release|x64.ActiveCfg = Release|x64
		{0196E3EC-F087-3A25-9A18-BE42AAC0E5DE}.Release|x64.Build.0 = Release|x64
		{5ED31C54-D9F3-3242-8427-3E6B59B2E024}.Debug|x64.ActiveCfg = Debug|x64
		{5ED31C54-D9F3-3242-8427-3E6B59B2E024}.Debug|x64.Build.0 = Debug|x64
		{5ED31C54-D9F3-3242-8427-3E6B59B2E024}.Release|x64.ActiveCfg = Release|x64
		{5ED31C54-D9F3-3242-8427-3E6B59B2E024}.Release|x64.Build.0 = Release|x64
		{C6A1EDF9-0421-32F7-97DC-57FB8B173053}.Debug|x64.ActiveCfg = Debug|x64
		{C6A1EDF9-0421-32F7-97DC-57FB8B173053}.Debug|x64.Build.0 = Debug|x64
		{C6A1EDF9-0421-32F7-97DC-57FB8B173053}.Release|x64.ActiveCfg = Release|x64
		{C6A1EDF9-0421-32F7-97DC-57FB8B173053}.Release|x64.Build.0 = Release|x64
		{B3477691-2509-32E8-AA65-C2121A3CBA9F}.Debug|x64.ActiveCfg = Debug|x64
		{B3477691-2509-32E8-AA65-C2121A3CBA9F}.Debug|x64.Build.0 = Debug|x64
		{B3477691-2509-32E8-AA65-C2121A3CBA9F}.Release|x64.ActiveCfg = Release|x64
		{B3477691-2509-32E8-AA65-C2121A3CBA9F}.Release|x64.Build.0 = Release|x64
		{DD7CBDCA-F958-31FA-8D72-03C370719BC8}.Debug|x64.ActiveCfg = Debug|x64
		{DD7CBDCA-F958-31FA-8D72-03C370719BC8}.Debug|x64.Build.0 = Debug|x64
		{DD7CBDCA-F958-31FA-8D72-03C370719BC8}.Release|x64.ActiveCfg = Release|x64
		{DD7CBDCA-F958-31FA-8D72-03C370719BC8}.Release|x64.Build.0 = Release|x64
	EndGlobalSection
	GlobalSection(ExtensibilityGlobals) = postSolution
		SolutionGuid = {50609543-2EF6-3099-9708-CEBB1F2A8D33}
	EndGlobalSection
	GlobalSection(ExtensibilityAddIns) = postSolution
	EndGlobalSection
EndGlobal
